
Microsoft Visual Studio Solution File, Format Version 12.00
# Visual Studio Version 16
VisualStudioVersion = 16.0.31019.35
MinimumVisualStudioVersion = 10.0.40219.1
Project("{FAE04EC0-301F-11D3-BF4B-00C04F79EFBC}") = "InteractiveKiosk", "InteractiveKiosk\InteractiveKiosk.csproj", "{EA31540C-12A2-4023-AB53-5B144C5A2A51}"
EndProject
Global
	GlobalSection(SolutionConfigurationPlatforms) = preSolution
		Debug|Any CPU = Debug|Any CPU
		Release|Any CPU = Release|Any CPU
	EndGlobalSection
	GlobalSection(ProjectConfigurationPlatforms) = postSolution
		{EA31540C-12A2-4023-AB53-5B144C5A2A51}.Debug|Any CPU.ActiveCfg = Debug|Any CPU
		{EA31540C-12A2-4023-AB53-5B144C5A2A51}.Debug|Any CPU.Build.0 = Debug|Any CPU
		{EA31540C-12A2-4023-AB53-5B144C5A2A51}.Release|Any CPU.ActiveCfg = Release|Any CPU
		{EA31540C-12A2-4023-AB53-5B144C5A2A51}.Release|Any CPU.Build.0 = Release|Any CPU
	EndGlobalSection
	GlobalSection(SolutionProperties) = preSolution
		HideSolutionNode = FALSE
	EndGlobalSection
	GlobalSection(ExtensibilityGlobals) = postSolution
		SolutionGuid = {16CDFBC1-D7C4-4268-8FD1-D66C814F9ED2}
	EndGlobalSection
EndGlobal
